
Microsoft Visual Studio Solution File, Format Version 12.00
# Visual Studio Version 17
VisualStudioVersion = 17.4.33213.308
MinimumVisualStudioVersion = 10.0.40219.1
Project("{FAE04EC0-301F-11D3-BF4B-00C04F79EFBC}") = "WinFormsApp_dz2-3", "WinFormsApp_dz2-3\WinFormsApp_dz2-3.csproj", "{A0147CB6-C0C9-457C-9220-C32F4F0A4B7D}"
EndProject
Global
	GlobalSection(SolutionConfigurationPlatforms) = preSolution
		Debug|Any CPU = Debug|Any CPU
		Release|Any CPU = Release|Any CPU
	EndGlobalSection
	GlobalSection(ProjectConfigurationPlatforms) = postSolution
		{A0147CB6-C0C9-457C-9220-C32F4F0A4B7D}.Debug|Any CPU.ActiveCfg = Debug|Any CPU
		{A0147CB6-C0C9-457C-9220-C32F4F0A4B7D}.Debug|Any CPU.Build.0 = Debug|Any CPU
		{A0147CB6-C0C9-457C-9220-C32F4F0A4B7D}.Release|Any CPU.ActiveCfg = Release|Any CPU
		{A0147CB6-C0C9-457C-9220-C32F4F0A4B7D}.Release|Any CPU.Build.0 = Release|Any CPU
	EndGlobalSection
	GlobalSection(SolutionProperties) = preSolution
		HideSolutionNode = FALSE
	EndGlobalSection
	GlobalSection(ExtensibilityGlobals) = postSolution
		SolutionGuid = {C0061D6E-6EFC-48C5-BA7B-1E47E1245345}
	EndGlobalSection
EndGlobal
